
Microsoft Visual Studio Solution File, Format Version 12.00
# Visual Studio Version 17
VisualStudioVersion = 17.4.33213.308
MinimumVisualStudioVersion = 10.0.40219.1
Project("{FAE04EC0-301F-11D3-BF4B-00C04F79EFBC}") = "ArenaSimulator", "ArenaSimulator.csproj", "{B765160A-8B28-4516-BAB8-F0CA0B3D096A}"
EndProject
Global
	GlobalSection(SolutionConfigurationPlatforms) = preSolution
		Debug|Any CPU = Debug|Any CPU
		Release|Any CPU = Release|Any CPU
	EndGlobalSection
	GlobalSection(ProjectConfigurationPlatforms) = postSolution
		{B765160A-8B28-4516-BAB8-F0CA0B3D096A}.Debug|Any CPU.ActiveCfg = Debug|Any CPU
		{B765160A-8B28-4516-BAB8-F0CA0B3D096A}.Debug|Any CPU.Build.0 = Debug|Any CPU
		{B765160A-8B28-4516-BAB8-F0CA0B3D096A}.Release|Any CPU.ActiveCfg = Release|Any CPU
		{B765160A-8B28-4516-BAB8-F0CA0B3D096A}.Release|Any CPU.Build.0 = Release|Any CPU
	EndGlobalSection
	GlobalSection(SolutionProperties) = preSolution
		HideSolutionNode = FALSE
	EndGlobalSection
	GlobalSection(ExtensibilityGlobals) = postSolution
		SolutionGuid = {FC1575AA-D904-4C5F-B1C0-5694E17F8360}
	EndGlobalSection
EndGlobal
